
Microsoft Visual Studio Solution File, Format Version 12.00
# Visual Studio Version 16
VisualStudioVersion = 16.0.31005.135
MinimumVisualStudioVersion = 10.0.40219.1
Project("{FAE04EC0-301F-11D3-BF4B-00C04F79EFBC}") = "TC.Magneto.Shell", "TC.Magneto.Shell\TC.Magneto.Shell.csproj", "{788C363D-1C77-4A5B-9A19-37294930DD40}"
EndProject
Project("{FAE04EC0-301F-11D3-BF4B-00C04F79EFBC}") = "TC.Magneto", "TC.Magneto\TC.Magneto.csproj", "{C66D6625-4053-4BDD-B273-0CE80E956845}"
EndProject
Project("{F184B08F-C81C-45F6-A57F-5ABD9991F28F}") = "TC.Magneto.Test", "TC.Magneto.Test\TC.Magneto.Test.vbproj", "{31A7A364-E1AD-4BC1-811F-EFEDCB15395C}"
EndProject
Project("{2150E333-8FDC-42A3-9474-1A3956D46DE8}") = "Solution Items", "Solution Items", "{F2FD4447-75C4-41D2-B4D7-006140A1FBE2}"
	ProjectSection(SolutionItems) = preProject
		TC.Core.dll = TC.Core.dll
		TC.Core.xml = TC.Core.xml
		TC.WinForms.dll = TC.WinForms.dll
		TC.WinForms.xml = TC.WinForms.xml
	EndProjectSection
EndProject
Global
	GlobalSection(SolutionConfigurationPlatforms) = preSolution
		Debug|Any CPU = Debug|Any CPU
		Release|Any CPU = Release|Any CPU
	EndGlobalSection
	GlobalSection(ProjectConfigurationPlatforms) = postSolution
		{788C363D-1C77-4A5B-9A19-37294930DD40}.Debug|Any CPU.ActiveCfg = Debug|Any CPU
		{788C363D-1C77-4A5B-9A19-37294930DD40}.Debug|Any CPU.Build.0 = Debug|Any CPU
		{788C363D-1C77-4A5B-9A19-37294930DD40}.Release|Any CPU.ActiveCfg = Release|Any CPU
		{788C363D-1C77-4A5B-9A19-37294930DD40}.Release|Any CPU.Build.0 = Release|Any CPU
		{C66D6625-4053-4BDD-B273-0CE80E956845}.Debug|Any CPU.ActiveCfg = Debug|Any CPU
		{C66D6625-4053-4BDD-B273-0CE80E956845}.Debug|Any CPU.Build.0 = Debug|Any CPU
		{C66D6625-4053-4BDD-B273-0CE80E956845}.Release|Any CPU.ActiveCfg = Release|Any CPU
		{C66D6625-4053-4BDD-B273-0CE80E956845}.Release|Any CPU.Build.0 = Release|Any CPU
		{31A7A364-E1AD-4BC1-811F-EFEDCB15395C}.Debug|Any CPU.ActiveCfg = Debug|Any CPU
		{31A7A364-E1AD-4BC1-811F-EFEDCB15395C}.Debug|Any CPU.Build.0 = Debug|Any CPU
		{31A7A364-E1AD-4BC1-811F-EFEDCB15395C}.Release|Any CPU.ActiveCfg = Release|Any CPU
		{31A7A364-E1AD-4BC1-811F-EFEDCB15395C}.Release|Any CPU.Build.0 = Release|Any CPU
	EndGlobalSection
	GlobalSection(SolutionProperties) = preSolution
		HideSolutionNode = FALSE
	EndGlobalSection
	GlobalSection(ExtensibilityGlobals) = postSolution
		SolutionGuid = {2442A2FA-238A-4CBA-9977-F3F3307C9337}
	EndGlobalSection
EndGlobal
